
Microsoft Visual Studio Solution File, Format Version 12.00
# Visual Studio 15
VisualStudioVersion = 15.0.28307.1401
MinimumVisualStudioVersion = 10.0.40219.1
Project("{F14B399A-7131-4C87-9E4B-1186C45EF12D}") = "CRM Reports", "CRM Reports\CRM Reports.rptproj", "{5CA05ABA-BE23-4D74-B320-B19027D63134}"
EndProject
Global
	GlobalSection(SolutionConfigurationPlatforms) = preSolution
		Debug|Default = Debug|Default
		DebugLocal|Default = DebugLocal|Default
		Release|Default = Release|Default
	EndGlobalSection
	GlobalSection(ProjectConfigurationPlatforms) = postSolution
		{5CA05ABA-BE23-4D74-B320-B19027D63134}.Debug|Default.ActiveCfg = Debug
		{5CA05ABA-BE23-4D74-B320-B19027D63134}.Debug|Default.Build.0 = Debug
		{5CA05ABA-BE23-4D74-B320-B19027D63134}.Debug|Default.Deploy.0 = Debug
		{5CA05ABA-BE23-4D74-B320-B19027D63134}.DebugLocal|Default.ActiveCfg = DebugLocal
		{5CA05ABA-BE23-4D74-B320-B19027D63134}.DebugLocal|Default.Build.0 = DebugLocal
		{5CA05ABA-BE23-4D74-B320-B19027D63134}.Release|Default.ActiveCfg = Release
		{5CA05ABA-BE23-4D74-B320-B19027D63134}.Release|Default.Build.0 = Release
		{5CA05ABA-BE23-4D74-B320-B19027D63134}.Release|Default.Deploy.0 = Release
	EndGlobalSection
	GlobalSection(SolutionProperties) = preSolution
		HideSolutionNode = FALSE
	EndGlobalSection
	GlobalSection(ExtensibilityGlobals) = postSolution
		SolutionGuid = {FE2CAE9D-4796-44B0-A7C0-56845755B110}
	EndGlobalSection
EndGlobal
